
Microsoft Visual Studio Solution File, Format Version 12.00
# Visual Studio Version 17
VisualStudioVersion = 17.1.32210.238
MinimumVisualStudioVersion = 10.0.40219.1
Project("{9A19103F-16F7-4668-BE54-9A1E7A4F7556}") = "UE4 Map Editor", "UE4 Map Editor\UE4 Map Editor.csproj", "{3C635EEF-8523-4A7A-AB1A-AF42BB902C14}"
EndProject
Global
	GlobalSection(SolutionConfigurationPlatforms) = preSolution
		Debug|Any CPU = Debug|Any CPU
		Release|Any CPU = Release|Any CPU
	EndGlobalSection
	GlobalSection(ProjectConfigurationPlatforms) = postSolution
		{3C635EEF-8523-4A7A-AB1A-AF42BB902C14}.Debug|Any CPU.ActiveCfg = Debug|Any CPU
		{3C635EEF-8523-4A7A-AB1A-AF42BB902C14}.Debug|Any CPU.Build.0 = Debug|Any CPU
		{3C635EEF-8523-4A7A-AB1A-AF42BB902C14}.Release|Any CPU.ActiveCfg = Release|Any CPU
		{3C635EEF-8523-4A7A-AB1A-AF42BB902C14}.Release|Any CPU.Build.0 = Release|Any CPU
	EndGlobalSection
	GlobalSection(SolutionProperties) = preSolution
		HideSolutionNode = FALSE
	EndGlobalSection
	GlobalSection(ExtensibilityGlobals) = postSolution
		SolutionGuid = {4707DE33-C8DA-4602-9CAC-DF20F43258AF}
	EndGlobalSection
EndGlobal
