
Microsoft Visual Studio Solution File, Format Version 12.00
# Visual Studio Version 17
VisualStudioVersion = 17.1.32210.238
MinimumVisualStudioVersion = 10.0.40219.1
Project("{9A19103F-16F7-4668-BE54-9A1E7A4F7556}") = "UE4 Map Editor", "UE4 Map Editor\UE4 Map Editor.csproj", "{3C635EEF-8523-4A7A-AB1A-AF42BB902C14}"
EndProject
Project("{FAE04EC0-301F-11D3-BF4B-00C04F79EFBC}") = "Gl_EditorFramework", "GL_EditorFramework\Gl_EditorFramework\Gl_EditorFramework.csproj", "{D593A72D-554D-40FB-9967-503CB15A744F}"
EndProject
Project("{FAE04EC0-301F-11D3-BF4B-00C04F79EFBC}") = "UAssetAPI", "UAssetAPI\UAssetAPI\UAssetAPI.csproj", "{178417EC-1177-413E-BE85-C83AECD64279}"
EndProject
Global
	GlobalSection(SolutionConfigurationPlatforms) = preSolution
		Debug Odyssey|Any CPU = Debug Odyssey|Any CPU
		Debug Odyssey|x64 = Debug Odyssey|x64
		Debug|Any CPU = Debug|Any CPU
		Debug|x64 = Debug|x64
		Release Odyssey|Any CPU = Release Odyssey|Any CPU
		Release Odyssey|x64 = Release Odyssey|x64
		Release|Any CPU = Release|Any CPU
		Release|x64 = Release|x64
	EndGlobalSection
	GlobalSection(ProjectConfigurationPlatforms) = postSolution
		{3C635EEF-8523-4A7A-AB1A-AF42BB902C14}.Debug Odyssey|Any CPU.ActiveCfg = Debug|Any CPU
		{3C635EEF-8523-4A7A-AB1A-AF42BB902C14}.Debug Odyssey|Any CPU.Build.0 = Debug|Any CPU
		{3C635EEF-8523-4A7A-AB1A-AF42BB902C14}.Debug Odyssey|x64.ActiveCfg = Debug|Any CPU
		{3C635EEF-8523-4A7A-AB1A-AF42BB902C14}.Debug Odyssey|x64.Build.0 = Debug|Any CPU
		{3C635EEF-8523-4A7A-AB1A-AF42BB902C14}.Debug|Any CPU.ActiveCfg = Debug|Any CPU
		{3C635EEF-8523-4A7A-AB1A-AF42BB902C14}.Debug|Any CPU.Build.0 = Debug|Any CPU
		{3C635EEF-8523-4A7A-AB1A-AF42BB902C14}.Debug|x64.ActiveCfg = Debug|Any CPU
		{3C635EEF-8523-4A7A-AB1A-AF42BB902C14}.Debug|x64.Build.0 = Debug|Any CPU
		{3C635EEF-8523-4A7A-AB1A-AF42BB902C14}.Release Odyssey|Any CPU.ActiveCfg = Release|Any CPU
		{3C635EEF-8523-4A7A-AB1A-AF42BB902C14}.Release Odyssey|Any CPU.Build.0 = Release|Any CPU
		{3C635EEF-8523-4A7A-AB1A-AF42BB902C14}.Release Odyssey|x64.ActiveCfg = Release|Any CPU
		{3C635EEF-8523-4A7A-AB1A-AF42BB902C14}.Release Odyssey|x64.Build.0 = Release|Any CPU
		{3C635EEF-8523-4A7A-AB1A-AF42BB902C14}.Release|Any CPU.ActiveCfg = Release|Any CPU
		{3C635EEF-8523-4A7A-AB1A-AF42BB902C14}.Release|Any CPU.Build.0 = Release|Any CPU
		{3C635EEF-8523-4A7A-AB1A-AF42BB902C14}.Release|x64.ActiveCfg = Release|Any CPU
		{3C635EEF-8523-4A7A-AB1A-AF42BB902C14}.Release|x64.Build.0 = Release|Any CPU
		{D593A72D-554D-40FB-9967-503CB15A744F}.Debug Odyssey|Any CPU.ActiveCfg = Debug Odyssey|Any CPU
		{D593A72D-554D-40FB-9967-503CB15A744F}.Debug Odyssey|Any CPU.Build.0 = Debug Odyssey|Any CPU
		{D593A72D-554D-40FB-9967-503CB15A744F}.Debug Odyssey|x64.ActiveCfg = Debug Odyssey|x64
		{D593A72D-554D-40FB-9967-503CB15A744F}.Debug Odyssey|x64.Build.0 = Debug Odyssey|x64
		{D593A72D-554D-40FB-9967-503CB15A744F}.Debug|Any CPU.ActiveCfg = Debug|Any CPU
		{D593A72D-554D-40FB-9967-503CB15A744F}.Debug|Any CPU.Build.0 = Debug|Any CPU
		{D593A72D-554D-40FB-9967-503CB15A744F}.Debug|x64.ActiveCfg = Debug|x64
		{D593A72D-554D-40FB-9967-503CB15A744F}.Debug|x64.Build.0 = Debug|x64
		{D593A72D-554D-40FB-9967-503CB15A744F}.Release Odyssey|Any CPU.ActiveCfg = Release Odyssey|Any CPU
		{D593A72D-554D-40FB-9967-503CB15A744F}.Release Odyssey|Any CPU.Build.0 = Release Odyssey|Any CPU
		{D593A72D-554D-40FB-9967-503CB15A744F}.Release Odyssey|x64.ActiveCfg = Release Odyssey|x64
		{D593A72D-554D-40FB-9967-503CB15A744F}.Release Odyssey|x64.Build.0 = Release Odyssey|x64
		{D593A72D-554D-40FB-9967-503CB15A744F}.Release|Any CPU.ActiveCfg = Release|Any CPU
		{D593A72D-554D-40FB-9967-503CB15A744F}.Release|Any CPU.Build.0 = Release|Any CPU
		{D593A72D-554D-40FB-9967-503CB15A744F}.Release|x64.ActiveCfg = Release|x64
		{D593A72D-554D-40FB-9967-503CB15A744F}.Release|x64.Build.0 = Release|x64
		{178417EC-1177-413E-BE85-C83AECD64279}.Debug Odyssey|Any CPU.ActiveCfg = Debug|Any CPU
		{178417EC-1177-413E-BE85-C83AECD64279}.Debug Odyssey|Any CPU.Build.0 = Debug|Any CPU
		{178417EC-1177-413E-BE85-C83AECD64279}.Debug Odyssey|x64.ActiveCfg = Debug|Any CPU
		{178417EC-1177-413E-BE85-C83AECD64279}.Debug Odyssey|x64.Build.0 = Debug|Any CPU
		{178417EC-1177-413E-BE85-C83AECD64279}.Debug|Any CPU.ActiveCfg = Debug|Any CPU
		{178417EC-1177-413E-BE85-C83AECD64279}.Debug|Any CPU.Build.0 = Debug|Any CPU
		{178417EC-1177-413E-BE85-C83AECD64279}.Debug|x64.ActiveCfg = Debug|Any CPU
		{178417EC-1177-413E-BE85-C83AECD64279}.Debug|x64.Build.0 = Debug|Any CPU
		{178417EC-1177-413E-BE85-C83AECD64279}.Release Odyssey|Any CPU.ActiveCfg = Release|Any CPU
		{178417EC-1177-413E-BE85-C83AECD64279}.Release Odyssey|Any CPU.Build.0 = Release|Any CPU
		{178417EC-1177-413E-BE85-C83AECD64279}.Release Odyssey|x64.ActiveCfg = Release|Any CPU
		{178417EC-1177-413E-BE85-C83AECD64279}.Release Odyssey|x64.Build.0 = Release|Any CPU
		{178417EC-1177-413E-BE85-C83AECD64279}.Release|Any CPU.ActiveCfg = Release|Any CPU
		{178417EC-1177-413E-BE85-C83AECD64279}.Release|Any CPU.Build.0 = Release|Any CPU
		{178417EC-1177-413E-BE85-C83AECD64279}.Release|x64.ActiveCfg = Release|Any CPU
		{178417EC-1177-413E-BE85-C83AECD64279}.Release|x64.Build.0 = Release|Any CPU
	EndGlobalSection
	GlobalSection(SolutionProperties) = preSolution
		HideSolutionNode = FALSE
	EndGlobalSection
	GlobalSection(ExtensibilityGlobals) = postSolution
		SolutionGuid = {4707DE33-C8DA-4602-9CAC-DF20F43258AF}
	EndGlobalSection
EndGlobal
